
Microsoft Visual Studio Solution File, Format Version 12.00
# Visual Studio Version 17
VisualStudioVersion = 17.4.33110.190
MinimumVisualStudioVersion = 10.0.40219.1
Project("{FAE04EC0-301F-11D3-BF4B-00C04F79EFBC}") = "QLBH", "QLBH\QLBH.csproj", "{B4386BE5-F7FE-4788-AAF4-AC3A912FE10F}"
EndProject
Global
	GlobalSection(SolutionConfigurationPlatforms) = preSolution
		Debug|Any CPU = Debug|Any CPU
		Release|Any CPU = Release|Any CPU
	EndGlobalSection
	GlobalSection(ProjectConfigurationPlatforms) = postSolution
		{B4386BE5-F7FE-4788-AAF4-AC3A912FE10F}.Debug|Any CPU.ActiveCfg = Debug|Any CPU
		{B4386BE5-F7FE-4788-AAF4-AC3A912FE10F}.Debug|Any CPU.Build.0 = Debug|Any CPU
		{B4386BE5-F7FE-4788-AAF4-AC3A912FE10F}.Release|Any CPU.ActiveCfg = Release|Any CPU
		{B4386BE5-F7FE-4788-AAF4-AC3A912FE10F}.Release|Any CPU.Build.0 = Release|Any CPU
	EndGlobalSection
	GlobalSection(SolutionProperties) = preSolution
		HideSolutionNode = FALSE
	EndGlobalSection
	GlobalSection(ExtensibilityGlobals) = postSolution
		SolutionGuid = {97B89166-9562-41CC-A07E-1498A2BF6C8C}
	EndGlobalSection
EndGlobal
